
Microsoft Visual Studio Solution File, Format Version 12.00
# Visual Studio Version 17
VisualStudioVersion = 17.0.31903.59
MinimumVisualStudioVersion = 10.0.40219.1
Project("{2150E333-8FDC-42A3-9474-1A3956D46DE8}") = "core", "core", "{2604C883-94C7-408A-B4EE-8369C58DB1B7}"
EndProject
Project("{FAE04EC0-301F-11D3-BF4B-00C04F79EFBC}") = "Core.Foundation", "core\foundation\Core.Foundation.csproj", "{DC2E9066-6AA6-4103-A03B-DAC0311B6C1F}"
EndProject
Project("{2150E333-8FDC-42A3-9474-1A3956D46DE8}") = "foundation", "foundation", "{5D6ED201-9B2B-4829-BE73-D90495CE4DFD}"
EndProject
Project("{FAE04EC0-301F-11D3-BF4B-00C04F79EFBC}") = "Tests.Foundation", "core\foundation\tests\Tests.Foundation.csproj", "{EFC28985-5565-4F8E-86E5-36088A0A1BFD}"
EndProject
Project("{FAE04EC0-301F-11D3-BF4B-00C04F79EFBC}") = "Core.Numbers", "core\numbers\Core.Numbers.csproj", "{6E555C53-7232-4D7F-A8AC-540FAD76D540}"
EndProject
Project("{2150E333-8FDC-42A3-9474-1A3956D46DE8}") = "numbers", "numbers", "{9B5560D1-A0BF-4B9F-9DC4-0AF34181AC6D}"
EndProject
Project("{FAE04EC0-301F-11D3-BF4B-00C04F79EFBC}") = "Tests.Numbers", "core\numbers\tests\Tests.Numbers.csproj", "{285E7AE8-FFD5-4F88-9195-662D1C788B95}"
EndProject
Project("{FAE04EC0-301F-11D3-BF4B-00C04F79EFBC}") = "Core.Rules", "core\rules\Core.Rules.csproj", "{B34EB1D5-5A04-41A2-A8C0-A903CA32716A}"
EndProject
Project("{2150E333-8FDC-42A3-9474-1A3956D46DE8}") = "rules", "rules", "{0727FC18-4579-42B6-8BC0-B8647B88D8DC}"
EndProject
Project("{FAE04EC0-301F-11D3-BF4B-00C04F79EFBC}") = "Tests.Rules", "core\rules\tests\Tests.Rules.csproj", "{38FB3C9D-ED4D-4975-B566-7A266F7210EA}"
EndProject
Project("{FAE04EC0-301F-11D3-BF4B-00C04F79EFBC}") = "Core.Carriers", "core\carriers\Core.Carriers.csproj", "{BDB0E720-CCE5-48BF-82CF-F8A488CE7022}"
EndProject
Project("{2150E333-8FDC-42A3-9474-1A3956D46DE8}") = "carriers", "carriers", "{C8BD9C54-53BF-4F97-A091-AA57882BDA08}"
EndProject
Project("{FAE04EC0-301F-11D3-BF4B-00C04F79EFBC}") = "Tests.Carriers", "core\carriers\tests\Tests.Carriers.csproj", "{57B04BF1-DD5C-4044-B24E-5793320B312D}"
EndProject
Project("{FAE04EC0-301F-11D3-BF4B-00C04F79EFBC}") = "Core.Gameplay", "core\gameplay\Core.Gameplay.csproj", "{97C5CD30-E046-413F-A8D3-0B69EA1BD3A6}"
EndProject
Project("{2150E333-8FDC-42A3-9474-1A3956D46DE8}") = "gameplay", "gameplay", "{493C0848-48B4-433A-B5FA-A713D88E1761}"
EndProject
Project("{FAE04EC0-301F-11D3-BF4B-00C04F79EFBC}") = "Tests.Gameplay", "core\gameplay\tests\Tests.Gameplay.csproj", "{6C0B0C65-613A-4ED8-BA2A-C16505F1278B}"
EndProject
Project("{FAE04EC0-301F-11D3-BF4B-00C04F79EFBC}") = "Presentation.Common", "presentation\Presentation.Common.csproj", "{CF1F6ED9-A449-4D60-BF7F-B07F0E4DB63D}"
EndProject
Project("{2150E333-8FDC-42A3-9474-1A3956D46DE8}") = "presentation", "presentation", "{2D183A0F-5D9C-414A-B9FA-7AEE229A85D7}"
EndProject
Project("{FAE04EC0-301F-11D3-BF4B-00C04F79EFBC}") = "Tests.PresentationCommon", "presentation\tests\Tests.PresentationCommon.csproj", "{EE9B2591-D4C9-40A9-81CF-E6E2B553E51B}"
EndProject
Project("{2150E333-8FDC-42A3-9474-1A3956D46DE8}") = "adapters", "adapters", "{BDE1CD95-2B4B-4EFA-8339-FB00A859F16D}"
EndProject
Project("{FAE04EC0-301F-11D3-BF4B-00C04F79EFBC}") = "Adapters.Stub", "adapters\stub\Adapters.Stub.csproj", "{FBB5F3EA-BDA6-42E7-8EE6-E7BF416136F5}"
EndProject
Project("{2150E333-8FDC-42A3-9474-1A3956D46DE8}") = "toolchain", "toolchain", "{1098A5B2-BEDC-4048-8D3D-7175214AA18E}"
EndProject
Project("{FAE04EC0-301F-11D3-BF4B-00C04F79EFBC}") = "Validator", "toolchain\validator\Validator.csproj", "{150603CE-5C16-4A0F-87CF-60F5779833B0}"
EndProject
Global
	GlobalSection(SolutionConfigurationPlatforms) = preSolution
		Debug|Any CPU = Debug|Any CPU
		Release|Any CPU = Release|Any CPU
	EndGlobalSection
	GlobalSection(SolutionProperties) = preSolution
		HideSolutionNode = FALSE
	EndGlobalSection
	GlobalSection(ProjectConfigurationPlatforms) = postSolution
		{DC2E9066-6AA6-4103-A03B-DAC0311B6C1F}.Debug|Any CPU.ActiveCfg = Debug|Any CPU
		{DC2E9066-6AA6-4103-A03B-DAC0311B6C1F}.Debug|Any CPU.Build.0 = Debug|Any CPU
		{DC2E9066-6AA6-4103-A03B-DAC0311B6C1F}.Release|Any CPU.ActiveCfg = Release|Any CPU
		{DC2E9066-6AA6-4103-A03B-DAC0311B6C1F}.Release|Any CPU.Build.0 = Release|Any CPU
		{EFC28985-5565-4F8E-86E5-36088A0A1BFD}.Debug|Any CPU.ActiveCfg = Debug|Any CPU
		{EFC28985-5565-4F8E-86E5-36088A0A1BFD}.Debug|Any CPU.Build.0 = Debug|Any CPU
		{EFC28985-5565-4F8E-86E5-36088A0A1BFD}.Release|Any CPU.ActiveCfg = Release|Any CPU
		{EFC28985-5565-4F8E-86E5-36088A0A1BFD}.Release|Any CPU.Build.0 = Release|Any CPU
		{6E555C53-7232-4D7F-A8AC-540FAD76D540}.Debug|Any CPU.ActiveCfg = Debug|Any CPU
		{6E555C53-7232-4D7F-A8AC-540FAD76D540}.Debug|Any CPU.Build.0 = Debug|Any CPU
		{6E555C53-7232-4D7F-A8AC-540FAD76D540}.Release|Any CPU.ActiveCfg = Release|Any CPU
		{6E555C53-7232-4D7F-A8AC-540FAD76D540}.Release|Any CPU.Build.0 = Release|Any CPU
		{285E7AE8-FFD5-4F88-9195-662D1C788B95}.Debug|Any CPU.ActiveCfg = Debug|Any CPU
		{285E7AE8-FFD5-4F88-9195-662D1C788B95}.Debug|Any CPU.Build.0 = Debug|Any CPU
		{285E7AE8-FFD5-4F88-9195-662D1C788B95}.Release|Any CPU.ActiveCfg = Release|Any CPU
		{285E7AE8-FFD5-4F88-9195-662D1C788B95}.Release|Any CPU.Build.0 = Release|Any CPU
		{B34EB1D5-5A04-41A2-A8C0-A903CA32716A}.Debug|Any CPU.ActiveCfg = Debug|Any CPU
		{B34EB1D5-5A04-41A2-A8C0-A903CA32716A}.Debug|Any CPU.Build.0 = Debug|Any CPU
		{B34EB1D5-5A04-41A2-A8C0-A903CA32716A}.Release|Any CPU.ActiveCfg = Release|Any CPU
		{B34EB1D5-5A04-41A2-A8C0-A903CA32716A}.Release|Any CPU.Build.0 = Release|Any CPU
		{38FB3C9D-ED4D-4975-B566-7A266F7210EA}.Debug|Any CPU.ActiveCfg = Debug|Any CPU
		{38FB3C9D-ED4D-4975-B566-7A266F7210EA}.Debug|Any CPU.Build.0 = Debug|Any CPU
		{38FB3C9D-ED4D-4975-B566-7A266F7210EA}.Release|Any CPU.ActiveCfg = Release|Any CPU
		{38FB3C9D-ED4D-4975-B566-7A266F7210EA}.Release|Any CPU.Build.0 = Release|Any CPU
		{BDB0E720-CCE5-48BF-82CF-F8A488CE7022}.Debug|Any CPU.ActiveCfg = Debug|Any CPU
		{BDB0E720-CCE5-48BF-82CF-F8A488CE7022}.Debug|Any CPU.Build.0 = Debug|Any CPU
		{BDB0E720-CCE5-48BF-82CF-F8A488CE7022}.Release|Any CPU.ActiveCfg = Release|Any CPU
		{BDB0E720-CCE5-48BF-82CF-F8A488CE7022}.Release|Any CPU.Build.0 = Release|Any CPU
		{57B04BF1-DD5C-4044-B24E-5793320B312D}.Debug|Any CPU.ActiveCfg = Debug|Any CPU
		{57B04BF1-DD5C-4044-B24E-5793320B312D}.Debug|Any CPU.Build.0 = Debug|Any CPU
		{57B04BF1-DD5C-4044-B24E-5793320B312D}.Release|Any CPU.ActiveCfg = Release|Any CPU
		{57B04BF1-DD5C-4044-B24E-5793320B312D}.Release|Any CPU.Build.0 = Release|Any CPU
		{97C5CD30-E046-413F-A8D3-0B69EA1BD3A6}.Debug|Any CPU.ActiveCfg = Debug|Any CPU
		{97C5CD30-E046-413F-A8D3-0B69EA1BD3A6}.Debug|Any CPU.Build.0 = Debug|Any CPU
		{97C5CD30-E046-413F-A8D3-0B69EA1BD3A6}.Release|Any CPU.ActiveCfg = Release|Any CPU
		{97C5CD30-E046-413F-A8D3-0B69EA1BD3A6}.Release|Any CPU.Build.0 = Release|Any CPU
		{6C0B0C65-613A-4ED8-BA2A-C16505F1278B}.Debug|Any CPU.ActiveCfg = Debug|Any CPU
		{6C0B0C65-613A-4ED8-BA2A-C16505F1278B}.Debug|Any CPU.Build.0 = Debug|Any CPU
		{6C0B0C65-613A-4ED8-BA2A-C16505F1278B}.Release|Any CPU.ActiveCfg = Release|Any CPU
		{6C0B0C65-613A-4ED8-BA2A-C16505F1278B}.Release|Any CPU.Build.0 = Release|Any CPU
		{CF1F6ED9-A449-4D60-BF7F-B07F0E4DB63D}.Debug|Any CPU.ActiveCfg = Debug|Any CPU
		{CF1F6ED9-A449-4D60-BF7F-B07F0E4DB63D}.Debug|Any CPU.Build.0 = Debug|Any CPU
		{CF1F6ED9-A449-4D60-BF7F-B07F0E4DB63D}.Release|Any CPU.ActiveCfg = Release|Any CPU
		{CF1F6ED9-A449-4D60-BF7F-B07F0E4DB63D}.Release|Any CPU.Build.0 = Release|Any CPU
		{EE9B2591-D4C9-40A9-81CF-E6E2B553E51B}.Debug|Any CPU.ActiveCfg = Debug|Any CPU
		{EE9B2591-D4C9-40A9-81CF-E6E2B553E51B}.Debug|Any CPU.Build.0 = Debug|Any CPU
		{EE9B2591-D4C9-40A9-81CF-E6E2B553E51B}.Release|Any CPU.ActiveCfg = Release|Any CPU
		{EE9B2591-D4C9-40A9-81CF-E6E2B553E51B}.Release|Any CPU.Build.0 = Release|Any CPU
		{FBB5F3EA-BDA6-42E7-8EE6-E7BF416136F5}.Debug|Any CPU.ActiveCfg = Debug|Any CPU
		{FBB5F3EA-BDA6-42E7-8EE6-E7BF416136F5}.Debug|Any CPU.Build.0 = Debug|Any CPU
		{FBB5F3EA-BDA6-42E7-8EE6-E7BF416136F5}.Release|Any CPU.ActiveCfg = Release|Any CPU
		{FBB5F3EA-BDA6-42E7-8EE6-E7BF416136F5}.Release|Any CPU.Build.0 = Release|Any CPU
		{150603CE-5C16-4A0F-87CF-60F5779833B0}.Debug|Any CPU.ActiveCfg = Debug|Any CPU
		{150603CE-5C16-4A0F-87CF-60F5779833B0}.Debug|Any CPU.Build.0 = Debug|Any CPU
		{150603CE-5C16-4A0F-87CF-60F5779833B0}.Release|Any CPU.ActiveCfg = Release|Any CPU
		{150603CE-5C16-4A0F-87CF-60F5779833B0}.Release|Any CPU.Build.0 = Release|Any CPU
	EndGlobalSection
	GlobalSection(NestedProjects) = preSolution
		{DC2E9066-6AA6-4103-A03B-DAC0311B6C1F} = {2604C883-94C7-408A-B4EE-8369C58DB1B7}
		{5D6ED201-9B2B-4829-BE73-D90495CE4DFD} = {2604C883-94C7-408A-B4EE-8369C58DB1B7}
		{EFC28985-5565-4F8E-86E5-36088A0A1BFD} = {5D6ED201-9B2B-4829-BE73-D90495CE4DFD}
		{6E555C53-7232-4D7F-A8AC-540FAD76D540} = {2604C883-94C7-408A-B4EE-8369C58DB1B7}
		{9B5560D1-A0BF-4B9F-9DC4-0AF34181AC6D} = {2604C883-94C7-408A-B4EE-8369C58DB1B7}
		{285E7AE8-FFD5-4F88-9195-662D1C788B95} = {9B5560D1-A0BF-4B9F-9DC4-0AF34181AC6D}
		{B34EB1D5-5A04-41A2-A8C0-A903CA32716A} = {2604C883-94C7-408A-B4EE-8369C58DB1B7}
		{0727FC18-4579-42B6-8BC0-B8647B88D8DC} = {2604C883-94C7-408A-B4EE-8369C58DB1B7}
		{38FB3C9D-ED4D-4975-B566-7A266F7210EA} = {0727FC18-4579-42B6-8BC0-B8647B88D8DC}
		{BDB0E720-CCE5-48BF-82CF-F8A488CE7022} = {2604C883-94C7-408A-B4EE-8369C58DB1B7}
		{C8BD9C54-53BF-4F97-A091-AA57882BDA08} = {2604C883-94C7-408A-B4EE-8369C58DB1B7}
		{57B04BF1-DD5C-4044-B24E-5793320B312D} = {C8BD9C54-53BF-4F97-A091-AA57882BDA08}
		{97C5CD30-E046-413F-A8D3-0B69EA1BD3A6} = {2604C883-94C7-408A-B4EE-8369C58DB1B7}
		{493C0848-48B4-433A-B5FA-A713D88E1761} = {2604C883-94C7-408A-B4EE-8369C58DB1B7}
		{6C0B0C65-613A-4ED8-BA2A-C16505F1278B} = {493C0848-48B4-433A-B5FA-A713D88E1761}
		{EE9B2591-D4C9-40A9-81CF-E6E2B553E51B} = {2D183A0F-5D9C-414A-B9FA-7AEE229A85D7}
		{FBB5F3EA-BDA6-42E7-8EE6-E7BF416136F5} = {BDE1CD95-2B4B-4EFA-8339-FB00A859F16D}
		{150603CE-5C16-4A0F-87CF-60F5779833B0} = {1098A5B2-BEDC-4048-8D3D-7175214AA18E}
	EndGlobalSection
EndGlobal
